// !$*UTF8*$!
{
	archiveVersion = 1;
	classes = {
	};
	objectVersion = 56;
	objects = {

/* Begin PBXBuildFile section */
		8E33DF852B4750FB00F6C44B /* learnreformedApp.swift in Sources */ = {isa = PBXBuildFile; fileRef = 8E33DF842B4750FB00F6C44B /* learnreformedApp.swift */; };
		8E33DF872B4750FB00F6C44B /* ContentView.swift in Sources */ = {isa = PBXBuildFile; fileRef = 8E33DF862B4750FB00F6C44B /* ContentView.swift */; };
		8E33DF892B4750FC00F6C44B /* Assets.xcassets in Resources */ = {isa = PBXBuildFile; fileRef = 8E33DF882B4750FC00F6C44B /* Assets.xcassets */; };
		8E33DF8D2B4750FC00F6C44B /* Preview Assets.xcassets in Resources */ = {isa = PBXBuildFile; fileRef = 8E33DF8C2B4750FC00F6C44B /* Preview Assets.xcassets */; };
		8E33DF942B475CC400F6C44B /* ConfessionsView.swift in Sources */ = {isa = PBXBuildFile; fileRef = 8E33DF932B475CC400F6C44B /* ConfessionsView.swift */; };
		8E33DF992B4769A200F6C44B /* 1689.json in Resources */ = {isa = PBXBuildFile; fileRef = 8E33DF982B4769A200F6C44B /* 1689.json */; };
		8E33DF9D2B47729200F6C44B /* ConfessionDetail.swift in Sources */ = {isa = PBXBuildFile; fileRef = 8E33DF9C2B47729200F6C44B /* ConfessionDetail.swift */; };
		8E4474B72B57617F00E4F3DD /* AllConfessions.swift in Sources */ = {isa = PBXBuildFile; fileRef = 8E4474B62B57617F00E4F3DD /* AllConfessions.swift */; };
		8E4474B92B5761FE00E4F3DD /* allConfessions.json in Resources */ = {isa = PBXBuildFile; fileRef = 8E4474B82B5761FE00E4F3DD /* allConfessions.json */; };
		8E4474BB2B576EFB00E4F3DD /* westminster.json in Resources */ = {isa = PBXBuildFile; fileRef = 8E4474BA2B576EFB00E4F3DD /* westminster.json */; };
		8E4474BD2B577A7100E4F3DD /* ChapterView.swift in Sources */ = {isa = PBXBuildFile; fileRef = 8E4474BC2B577A7100E4F3DD /* ChapterView.swift */; };
		8E6E26D62B5866010040F35D /* belgic.json in Resources */ = {isa = PBXBuildFile; fileRef = 8E6E26D52B5866010040F35D /* belgic.json */; };
		8E6E26D82B586A440040F35D /* dort.json in Resources */ = {isa = PBXBuildFile; fileRef = 8E6E26D72B586A440040F35D /* dort.json */; };
		8E6E26DA2B58704A0040F35D /* westminsterShorter.json in Resources */ = {isa = PBXBuildFile; fileRef = 8E6E26D92B58704A0040F35D /* westminsterShorter.json */; };
		8E6E26DC2B58768B0040F35D /* westminsterLarger.json in Resources */ = {isa = PBXBuildFile; fileRef = 8E6E26DB2B58768A0040F35D /* westminsterLarger.json */; };
		8E6E26DE2B587AF50040F35D /* baptist.json in Resources */ = {isa = PBXBuildFile; fileRef = 8E6E26DD2B587AF50040F35D /* baptist.json */; };
		8E6E26E02B587BBB0040F35D /* heidelberg.json in Resources */ = {isa = PBXBuildFile; fileRef = 8E6E26DF2B587BBB0040F35D /* heidelberg.json */; };
		8E6E26E32B587F500040F35D /* allCreeds.json in Resources */ = {isa = PBXBuildFile; fileRef = 8E6E26E22B587F500040F35D /* allCreeds.json */; };
		8E6E26E52B587F7E0040F35D /* apostles.json in Resources */ = {isa = PBXBuildFile; fileRef = 8E6E26E42B587F7E0040F35D /* apostles.json */; };
		8E6E26E72B587FA00040F35D /* CreedDetail.swift in Sources */ = {isa = PBXBuildFile; fileRef = 8E6E26E62B587FA00040F35D /* CreedDetail.swift */; };
		8E6E26E92B5881010040F35D /* AllCreeds.swift in Sources */ = {isa = PBXBuildFile; fileRef = 8E6E26E82B5881010040F35D /* AllCreeds.swift */; };
		8E6E26EB2B5885580040F35D /* nicene.json in Resources */ = {isa = PBXBuildFile; fileRef = 8E6E26EA2B5885580040F35D /* nicene.json */; };
		8E6E26ED2B5886610040F35D /* chalcedonian.json in Resources */ = {isa = PBXBuildFile; fileRef = 8E6E26EC2B5886610040F35D /* chalcedonian.json */; };
		8E6E26EF2B5886F20040F35D /* athanasian.json in Resources */ = {isa = PBXBuildFile; fileRef = 8E6E26EE2B5886F20040F35D /* athanasian.json */; };
		8E6E26F32B5889610040F35D /* AboutView.swift in Sources */ = {isa = PBXBuildFile; fileRef = 8E6E26F22B5889610040F35D /* AboutView.swift */; };
		8EB126192B583A0E004C1A36 /* ScriptureModalView.swift in Sources */ = {isa = PBXBuildFile; fileRef = 8EB126182B583A0E004C1A36 /* ScriptureModalView.swift */; };
		8EB1261C2B5851F9004C1A36 /* allCatechisms.json in Resources */ = {isa = PBXBuildFile; fileRef = 8EB1261B2B5851F9004C1A36 /* allCatechisms.json */; };
		8EB1261E2B585260004C1A36 /* AllCatechisms.swift in Sources */ = {isa = PBXBuildFile; fileRef = 8EB1261D2B585260004C1A36 /* AllCatechisms.swift */; };
		8EB126202B585393004C1A36 /* CatechismDetail.swift in Sources */ = {isa = PBXBuildFile; fileRef = 8EB1261F2B585393004C1A36 /* CatechismDetail.swift */; };
		8EB126222B585501004C1A36 /* boysGirls.json in Resources */ = {isa = PBXBuildFile; fileRef = 8EB126212B585501004C1A36 /* boysGirls.json */; };
		8EE304F42B573CC0006ECD4D /* CatechismsView.swift in Sources */ = {isa = PBXBuildFile; fileRef = 8EE304F32B573CC0006ECD4D /* CatechismsView.swift */; };
		8EE304F62B573CE9006ECD4D /* CreedsView.swift in Sources */ = {isa = PBXBuildFile; fileRef = 8EE304F52B573CE9006ECD4D /* CreedsView.swift */; };
		8EE304F82B575411006ECD4D /* SettingsView.swift in Sources */ = {isa = PBXBuildFile; fileRef = 8EE304F72B575411006ECD4D /* SettingsView.swift */; };
/* End PBXBuildFile section */

/* Begin PBXFileReference section */
		8E33DF812B4750FB00F6C44B /* learnreformed.app */ = {isa = PBXFileReference; explicitFileType = wrapper.application; includeInIndex = 0; path = learnreformed.app; sourceTree = BUILT_PRODUCTS_DIR; };
		8E33DF842B4750FB00F6C44B /* learnreformedApp.swift */ = {isa = PBXFileReference; lastKnownFileType = sourcecode.swift; path = learnreformedApp.swift; sourceTree = "<group>"; };
		8E33DF862B4750FB00F6C44B /* ContentView.swift */ = {isa = PBXFileReference; lastKnownFileType = sourcecode.swift; path = ContentView.swift; sourceTree = "<group>"; };
		8E33DF882B4750FC00F6C44B /* Assets.xcassets */ = {isa = PBXFileReference; lastKnownFileType = folder.assetcatalog; path = Assets.xcassets; sourceTree = "<group>"; };
		8E33DF8A2B4750FC00F6C44B /* learnreformed.entitlements */ = {isa = PBXFileReference; lastKnownFileType = text.plist.entitlements; path = learnreformed.entitlements; sourceTree = "<group>"; };
		8E33DF8C2B4750FC00F6C44B /* Preview Assets.xcassets */ = {isa = PBXFileReference; lastKnownFileType = folder.assetcatalog; path = "Preview Assets.xcassets"; sourceTree = "<group>"; };
		8E33DF932B475CC400F6C44B /* ConfessionsView.swift */ = {isa = PBXFileReference; lastKnownFileType = sourcecode.swift; path = ConfessionsView.swift; sourceTree = "<group>"; };
		8E33DF982B4769A200F6C44B /* 1689.json */ = {isa = PBXFileReference; fileEncoding = 4; lastKnownFileType = text.json; path = 1689.json; sourceTree = "<group>"; };
		8E33DF9C2B47729200F6C44B /* ConfessionDetail.swift */ = {isa = PBXFileReference; lastKnownFileType = sourcecode.swift; path = ConfessionDetail.swift; sourceTree = "<group>"; };
		8E4474B62B57617F00E4F3DD /* AllConfessions.swift */ = {isa = PBXFileReference; lastKnownFileType = sourcecode.swift; path = AllConfessions.swift; sourceTree = "<group>"; };
		8E4474B82B5761FE00E4F3DD /* allConfessions.json */ = {isa = PBXFileReference; lastKnownFileType = text.json; path = allConfessions.json; sourceTree = "<group>"; };
		8E4474BA2B576EFB00E4F3DD /* westminster.json */ = {isa = PBXFileReference; lastKnownFileType = text.json; path = westminster.json; sourceTree = "<group>"; };
		8E4474BC2B577A7100E4F3DD /* ChapterView.swift */ = {isa = PBXFileReference; lastKnownFileType = sourcecode.swift; path = ChapterView.swift; sourceTree = "<group>"; };
		8E6E26D52B5866010040F35D /* belgic.json */ = {isa = PBXFileReference; lastKnownFileType = text.json; path = belgic.json; sourceTree = "<group>"; };
		8E6E26D72B586A440040F35D /* dort.json */ = {isa = PBXFileReference; lastKnownFileType = text.json; path = dort.json; sourceTree = "<group>"; };
		8E6E26D92B58704A0040F35D /* westminsterShorter.json */ = {isa = PBXFileReference; lastKnownFileType = text.json; path = westminsterShorter.json; sourceTree = "<group>"; };
		8E6E26DB2B58768A0040F35D /* westminsterLarger.json */ = {isa = PBXFileReference; lastKnownFileType = text.json; path = westminsterLarger.json; sourceTree = "<group>"; };
		8E6E26DD2B587AF50040F35D /* baptist.json */ = {isa = PBXFileReference; lastKnownFileType = text.json; path = baptist.json; sourceTree = "<group>"; };
		8E6E26DF2B587BBB0040F35D /* heidelberg.json */ = {isa = PBXFileReference; lastKnownFileType = text.json; path = heidelberg.json; sourceTree = "<group>"; };
		8E6E26E22B587F500040F35D /* allCreeds.json */ = {isa = PBXFileReference; lastKnownFileType = text.json; path = allCreeds.json; sourceTree = "<group>"; };
		8E6E26E42B587F7E0040F35D /* apostles.json */ = {isa = PBXFileReference; lastKnownFileType = text.json; path = apostles.json; sourceTree = "<group>"; };
		8E6E26E62B587FA00040F35D /* CreedDetail.swift */ = {isa = PBXFileReference; lastKnownFileType = sourcecode.swift; path = CreedDetail.swift; sourceTree = "<group>"; };
		8E6E26E82B5881010040F35D /* AllCreeds.swift */ = {isa = PBXFileReference; lastKnownFileType = sourcecode.swift; path = AllCreeds.swift; sourceTree = "<group>"; };
		8E6E26EA2B5885580040F35D /* nicene.json */ = {isa = PBXFileReference; lastKnownFileType = text.json; path = nicene.json; sourceTree = "<group>"; };
		8E6E26EC2B5886610040F35D /* chalcedonian.json */ = {isa = PBXFileReference; lastKnownFileType = text.json; path = chalcedonian.json; sourceTree = "<group>"; };
		8E6E26EE2B5886F20040F35D /* athanasian.json */ = {isa = PBXFileReference; lastKnownFileType = text.json; path = athanasian.json; sourceTree = "<group>"; };
		8E6E26F22B5889610040F35D /* AboutView.swift */ = {isa = PBXFileReference; lastKnownFileType = sourcecode.swift; path = AboutView.swift; sourceTree = "<group>"; };
		8EB126182B583A0E004C1A36 /* ScriptureModalView.swift */ = {isa = PBXFileReference; lastKnownFileType = sourcecode.swift; path = ScriptureModalView.swift; sourceTree = "<group>"; };
		8EB1261B2B5851F9004C1A36 /* allCatechisms.json */ = {isa = PBXFileReference; lastKnownFileType = text.json; path = allCatechisms.json; sourceTree = "<group>"; };
		8EB1261D2B585260004C1A36 /* AllCatechisms.swift */ = {isa = PBXFileReference; lastKnownFileType = sourcecode.swift; path = AllCatechisms.swift; sourceTree = "<group>"; };
		8EB1261F2B585393004C1A36 /* CatechismDetail.swift */ = {isa = PBXFileReference; lastKnownFileType = sourcecode.swift; path = CatechismDetail.swift; sourceTree = "<group>"; };
		8EB126212B585501004C1A36 /* boysGirls.json */ = {isa = PBXFileReference; lastKnownFileType = text.json; path = boysGirls.json; sourceTree = "<group>"; };
		8EE304F32B573CC0006ECD4D /* CatechismsView.swift */ = {isa = PBXFileReference; lastKnownFileType = sourcecode.swift; path = CatechismsView.swift; sourceTree = "<group>"; };
		8EE304F52B573CE9006ECD4D /* CreedsView.swift */ = {isa = PBXFileReference; lastKnownFileType = sourcecode.swift; path = CreedsView.swift; sourceTree = "<group>"; };
		8EE304F72B575411006ECD4D /* SettingsView.swift */ = {isa = PBXFileReference; lastKnownFileType = sourcecode.swift; path = SettingsView.swift; sourceTree = "<group>"; };
/* End PBXFileReference section */

/* Begin PBXFrameworksBuildPhase section */
		8E33DF7E2B4750FB00F6C44B /* Frameworks */ = {
			isa = PBXFrameworksBuildPhase;
			buildActionMask = 2147483647;
			files = (
			);
			runOnlyForDeploymentPostprocessing = 0;
		};
/* End PBXFrameworksBuildPhase section */

/* Begin PBXGroup section */
		8E33DF782B4750FB00F6C44B = {
			isa = PBXGroup;
			children = (
				8E33DF832B4750FB00F6C44B /* learnreformed */,
				8E33DF822B4750FB00F6C44B /* Products */,
			);
			sourceTree = "<group>";
		};
		8E33DF822B4750FB00F6C44B /* Products */ = {
			isa = PBXGroup;
			children = (
				8E33DF812B4750FB00F6C44B /* learnreformed.app */,
			);
			name = Products;
			sourceTree = "<group>";
		};
		8E33DF832B4750FB00F6C44B /* learnreformed */ = {
			isa = PBXGroup;
			children = (
				8E33DF842B4750FB00F6C44B /* learnreformedApp.swift */,
				8E33DF862B4750FB00F6C44B /* ContentView.swift */,
				8E33DF952B47612F00F6C44B /* Confessions */,
				8E33DF932B475CC400F6C44B /* ConfessionsView.swift */,
				8EB1261A2B5851CF004C1A36 /* Catechisms */,
				8EE304F32B573CC0006ECD4D /* CatechismsView.swift */,
				8E6E26E12B587F440040F35D /* Creeds */,
				8E4474BC2B577A7100E4F3DD /* ChapterView.swift */,
				8EB126182B583A0E004C1A36 /* ScriptureModalView.swift */,
				8E6E26F22B5889610040F35D /* AboutView.swift */,
				8EE304F52B573CE9006ECD4D /* CreedsView.swift */,
				8EE304F72B575411006ECD4D /* SettingsView.swift */,
				8E33DF882B4750FC00F6C44B /* Assets.xcassets */,
				8E33DF8A2B4750FC00F6C44B /* learnreformed.entitlements */,
				8E33DF8B2B4750FC00F6C44B /* Preview Content */,
			);
			path = learnreformed;
			sourceTree = "<group>";
		};
		8E33DF8B2B4750FC00F6C44B /* Preview Content */ = {
			isa = PBXGroup;
			children = (
				8E33DF8C2B4750FC00F6C44B /* Preview Assets.xcassets */,
			);
			path = "Preview Content";
			sourceTree = "<group>";
		};
		8E33DF952B47612F00F6C44B /* Confessions */ = {
			isa = PBXGroup;
			children = (
				8E33DF982B4769A200F6C44B /* 1689.json */,
				8E4474BA2B576EFB00E4F3DD /* westminster.json */,
				8E4474B82B5761FE00E4F3DD /* allConfessions.json */,
				8E6E26D72B586A440040F35D /* dort.json */,
				8E33DF9C2B47729200F6C44B /* ConfessionDetail.swift */,
				8E6E26D52B5866010040F35D /* belgic.json */,
				8E4474B62B57617F00E4F3DD /* AllConfessions.swift */,
			);
			path = Confessions;
			sourceTree = "<group>";
		};
		8E6E26E12B587F440040F35D /* Creeds */ = {
			isa = PBXGroup;
			children = (
				8E6E26E22B587F500040F35D /* allCreeds.json */,
				8E6E26EC2B5886610040F35D /* chalcedonian.json */,
				8E6E26E42B587F7E0040F35D /* apostles.json */,
				8E6E26EE2B5886F20040F35D /* athanasian.json */,
				8E6E26E82B5881010040F35D /* AllCreeds.swift */,
				8E6E26EA2B5885580040F35D /* nicene.json */,
				8E6E26E62B587FA00040F35D /* CreedDetail.swift */,
			);
			path = Creeds;
			sourceTree = "<group>";
		};
		8EB1261A2B5851CF004C1A36 /* Catechisms */ = {
			isa = PBXGroup;
			children = (
				8EB1261B2B5851F9004C1A36 /* allCatechisms.json */,
				8E6E26D92B58704A0040F35D /* westminsterShorter.json */,
				8E6E26DF2B587BBB0040F35D /* heidelberg.json */,
				8EB126212B585501004C1A36 /* boysGirls.json */,
				8EB1261D2B585260004C1A36 /* AllCatechisms.swift */,
				8EB1261F2B585393004C1A36 /* CatechismDetail.swift */,
				8E6E26DB2B58768A0040F35D /* westminsterLarger.json */,
				8E6E26DD2B587AF50040F35D /* baptist.json */,
			);
			path = Catechisms;
			sourceTree = "<group>";
		};
/* End PBXGroup section */

/* Begin PBXNativeTarget section */
		8E33DF802B4750FB00F6C44B /* learnreformed */ = {
			isa = PBXNativeTarget;
			buildConfigurationList = 8E33DF902B4750FC00F6C44B /* Build configuration list for PBXNativeTarget "learnreformed" */;
			buildPhases = (
				8E33DF7D2B4750FB00F6C44B /* Sources */,
				8E33DF7E2B4750FB00F6C44B /* Frameworks */,
				8E33DF7F2B4750FB00F6C44B /* Resources */,
			);
			buildRules = (
			);
			dependencies = (
			);
			name = learnreformed;
			productName = learnreformed;
			productReference = 8E33DF812B4750FB00F6C44B /* learnreformed.app */;
			productType = "com.apple.product-type.application";
		};
/* End PBXNativeTarget section */

/* Begin PBXProject section */
		8E33DF792B4750FB00F6C44B /* Project object */ = {
			isa = PBXProject;
			attributes = {
				BuildIndependentTargetsInParallel = 1;
				LastSwiftUpdateCheck = 1500;
				LastUpgradeCheck = 1500;
				TargetAttributes = {
					8E33DF802B4750FB00F6C44B = {
						CreatedOnToolsVersion = 15.0.1;
					};
				};
			};
			buildConfigurationList = 8E33DF7C2B4750FB00F6C44B /* Build configuration list for PBXProject "learnreformed" */;
			compatibilityVersion = "Xcode 14.0";
			developmentRegion = en;
			hasScannedForEncodings = 0;
			knownRegions = (
				en,
				Base,
			);
			mainGroup = 8E33DF782B4750FB00F6C44B;
			productRefGroup = 8E33DF822B4750FB00F6C44B /* Products */;
			projectDirPath = "";
			projectRoot = "";
			targets = (
				8E33DF802B4750FB00F6C44B /* learnreformed */,
			);
		};
/* End PBXProject section */

/* Begin PBXResourcesBuildPhase section */
		8E33DF7F2B4750FB00F6C44B /* Resources */ = {
			isa = PBXResourcesBuildPhase;
			buildActionMask = 2147483647;
			files = (
				8E6E26E02B587BBB0040F35D /* heidelberg.json in Resources */,
				8E33DF992B4769A200F6C44B /* 1689.json in Resources */,
				8E6E26E52B587F7E0040F35D /* apostles.json in Resources */,
				8E6E26D62B5866010040F35D /* belgic.json in Resources */,
				8E6E26EF2B5886F20040F35D /* athanasian.json in Resources */,
				8E6E26D82B586A440040F35D /* dort.json in Resources */,
				8E6E26ED2B5886610040F35D /* chalcedonian.json in Resources */,
				8E6E26EB2B5885580040F35D /* nicene.json in Resources */,
				8EB1261C2B5851F9004C1A36 /* allCatechisms.json in Resources */,
				8E4474BB2B576EFB00E4F3DD /* westminster.json in Resources */,
				8E6E26DA2B58704A0040F35D /* westminsterShorter.json in Resources */,
				8E6E26E32B587F500040F35D /* allCreeds.json in Resources */,
				8E33DF8D2B4750FC00F6C44B /* Preview Assets.xcassets in Resources */,
				8E6E26DE2B587AF50040F35D /* baptist.json in Resources */,
				8E6E26DC2B58768B0040F35D /* westminsterLarger.json in Resources */,
				8E4474B92B5761FE00E4F3DD /* allConfessions.json in Resources */,
				8E33DF892B4750FC00F6C44B /* Assets.xcassets in Resources */,
				8EB126222B585501004C1A36 /* boysGirls.json in Resources */,
			);
			runOnlyForDeploymentPostprocessing = 0;
		};
/* End PBXResourcesBuildPhase section */

/* Begin PBXSourcesBuildPhase section */
		8E33DF7D2B4750FB00F6C44B /* Sources */ = {
			isa = PBXSourcesBuildPhase;
			buildActionMask = 2147483647;
			files = (
				8EB126202B585393004C1A36 /* CatechismDetail.swift in Sources */,
				8E4474B72B57617F00E4F3DD /* AllConfessions.swift in Sources */,
				8EE304F82B575411006ECD4D /* SettingsView.swift in Sources */,
				8E6E26E72B587FA00040F35D /* CreedDetail.swift in Sources */,
				8E6E26F32B5889610040F35D /* AboutView.swift in Sources */,
				8EB1261E2B585260004C1A36 /* AllCatechisms.swift in Sources */,
				8E33DF872B4750FB00F6C44B /* ContentView.swift in Sources */,
				8E6E26E92B5881010040F35D /* AllCreeds.swift in Sources */,
				8E4474BD2B577A7100E4F3DD /* ChapterView.swift in Sources */,
				8E33DF9D2B47729200F6C44B /* ConfessionDetail.swift in Sources */,
				8EE304F42B573CC0006ECD4D /* CatechismsView.swift in Sources */,
				8E33DF942B475CC400F6C44B /* ConfessionsView.swift in Sources */,
				8EE304F62B573CE9006ECD4D /* CreedsView.swift in Sources */,
				8EB126192B583A0E004C1A36 /* ScriptureModalView.swift in Sources */,
				8E33DF852B4750FB00F6C44B /* learnreformedApp.swift in Sources */,
			);
			runOnlyForDeploymentPostprocessing = 0;
		};
/* End PBXSourcesBuildPhase section */

/* Begin XCBuildConfiguration section */
		8E33DF8E2B4750FC00F6C44B /* Debug */ = {
			isa = XCBuildConfiguration;
			buildSettings = {
				ALWAYS_SEARCH_USER_PATHS = NO;
				ASSETCATALOG_COMPILER_GENERATE_SWIFT_ASSET_SYMBOL_EXTENSIONS = YES;
				CLANG_ANALYZER_NONNULL = YES;
				CLANG_ANALYZER_NUMBER_OBJECT_CONVERSION = YES_AGGRESSIVE;
				CLANG_CXX_LANGUAGE_STANDARD = "gnu++20";
				CLANG_ENABLE_MODULES = YES;
				CLANG_ENABLE_OBJC_ARC = YES;
				CLANG_ENABLE_OBJC_WEAK = YES;
				CLANG_WARN_BLOCK_CAPTURE_AUTORELEASING = YES;
				CLANG_WARN_BOOL_CONVERSION = YES;
				CLANG_WARN_COMMA = YES;
				CLANG_WARN_CONSTANT_CONVERSION = YES;
				CLANG_WARN_DEPRECATED_OBJC_IMPLEMENTATIONS = YES;
				CLANG_WARN_DIRECT_OBJC_ISA_USAGE = YES_ERROR;
				CLANG_WARN_DOCUMENTATION_COMMENTS = YES;
				CLANG_WARN_EMPTY_BODY = YES;
				CLANG_WARN_ENUM_CONVERSION = YES;
				CLANG_WARN_INFINITE_RECURSION = YES;
				CLANG_WARN_INT_CONVERSION = YES;
				CLANG_WARN_NON_LITERAL_NULL_CONVERSION = YES;
				CLANG_WARN_OBJC_IMPLICIT_RETAIN_SELF = YES;
				CLANG_WARN_OBJC_LITERAL_CONVERSION = YES;
				CLANG_WARN_OBJC_ROOT_CLASS = YES_ERROR;
				CLANG_WARN_QUOTED_INCLUDE_IN_FRAMEWORK_HEADER = YES;
				CLANG_WARN_RANGE_LOOP_ANALYSIS = YES;
				CLANG_WARN_STRICT_PROTOTYPES = YES;
				CLANG_WARN_SUSPICIOUS_MOVE = YES;
				CLANG_WARN_UNGUARDED_AVAILABILITY = YES_AGGRESSIVE;
				CLANG_WARN_UNREACHABLE_CODE = YES;
				CLANG_WARN__DUPLICATE_METHOD_MATCH = YES;
				COPY_PHASE_STRIP = NO;
				DEBUG_INFORMATION_FORMAT = dwarf;
				ENABLE_STRICT_OBJC_MSGSEND = YES;
				ENABLE_TESTABILITY = YES;
				ENABLE_USER_SCRIPT_SANDBOXING = YES;
				GCC_C_LANGUAGE_STANDARD = gnu17;
				GCC_DYNAMIC_NO_PIC = NO;
				GCC_NO_COMMON_BLOCKS = YES;
				GCC_OPTIMIZATION_LEVEL = 0;
				GCC_PREPROCESSOR_DEFINITIONS = (
					"DEBUG=1",
					"$(inherited)",
				);
				GCC_WARN_64_TO_32_BIT_CONVERSION = YES;
				GCC_WARN_ABOUT_RETURN_TYPE = YES_ERROR;
				GCC_WARN_UNDECLARED_SELECTOR = YES;
				GCC_WARN_UNINITIALIZED_AUTOS = YES_AGGRESSIVE;
				GCC_WARN_UNUSED_FUNCTION = YES;
				GCC_WARN_UNUSED_VARIABLE = YES;
				LOCALIZATION_PREFERS_STRING_CATALOGS = YES;
				MTL_ENABLE_DEBUG_INFO = INCLUDE_SOURCE;
				MTL_FAST_MATH = YES;
				ONLY_ACTIVE_ARCH = YES;
				SWIFT_ACTIVE_COMPILATION_CONDITIONS = "DEBUG $(inherited)";
				SWIFT_OPTIMIZATION_LEVEL = "-Onone";
			};
			name = Debug;
		};
		8E33DF8F2B4750FC00F6C44B /* Release */ = {
			isa = XCBuildConfiguration;
			buildSettings = {
				ALWAYS_SEARCH_USER_PATHS = NO;
				ASSETCATALOG_COMPILER_GENERATE_SWIFT_ASSET_SYMBOL_EXTENSIONS = YES;
				CLANG_ANALYZER_NONNULL = YES;
				CLANG_ANALYZER_NUMBER_OBJECT_CONVERSION = YES_AGGRESSIVE;
				CLANG_CXX_LANGUAGE_STANDARD = "gnu++20";
				CLANG_ENABLE_MODULES = YES;
				CLANG_ENABLE_OBJC_ARC = YES;
				CLANG_ENABLE_OBJC_WEAK = YES;
				CLANG_WARN_BLOCK_CAPTURE_AUTORELEASING = YES;
				CLANG_WARN_BOOL_CONVERSION = YES;
				CLANG_WARN_COMMA = YES;
				CLANG_WARN_CONSTANT_CONVERSION = YES;
				CLANG_WARN_DEPRECATED_OBJC_IMPLEMENTATIONS = YES;
				CLANG_WARN_DIRECT_OBJC_ISA_USAGE = YES_ERROR;
				CLANG_WARN_DOCUMENTATION_COMMENTS = YES;
				CLANG_WARN_EMPTY_BODY = YES;
				CLANG_WARN_ENUM_CONVERSION = YES;
				CLANG_WARN_INFINITE_RECURSION = YES;
				CLANG_WARN_INT_CONVERSION = YES;
				CLANG_WARN_NON_LITERAL_NULL_CONVERSION = YES;
				CLANG_WARN_OBJC_IMPLICIT_RETAIN_SELF = YES;
				CLANG_WARN_OBJC_LITERAL_CONVERSION = YES;
				CLANG_WARN_OBJC_ROOT_CLASS = YES_ERROR;
				CLANG_WARN_QUOTED_INCLUDE_IN_FRAMEWORK_HEADER = YES;
				CLANG_WARN_RANGE_LOOP_ANALYSIS = YES;
				CLANG_WARN_STRICT_PROTOTYPES = YES;
				CLANG_WARN_SUSPICIOUS_MOVE = YES;
				CLANG_WARN_UNGUARDED_AVAILABILITY = YES_AGGRESSIVE;
				CLANG_WARN_UNREACHABLE_CODE = YES;
				CLANG_WARN__DUPLICATE_METHOD_MATCH = YES;
				COPY_PHASE_STRIP = NO;
				DEBUG_INFORMATION_FORMAT = "dwarf-with-dsym";
				ENABLE_NS_ASSERTIONS = NO;
				ENABLE_STRICT_OBJC_MSGSEND = YES;
				ENABLE_USER_SCRIPT_SANDBOXING = YES;
				GCC_C_LANGUAGE_STANDARD = gnu17;
				GCC_NO_COMMON_BLOCKS = YES;
				GCC_WARN_64_TO_32_BIT_CONVERSION = YES;
				GCC_WARN_ABOUT_RETURN_TYPE = YES_ERROR;
				GCC_WARN_UNDECLARED_SELECTOR = YES;
				GCC_WARN_UNINITIALIZED_AUTOS = YES_AGGRESSIVE;
				GCC_WARN_UNUSED_FUNCTION = YES;
				GCC_WARN_UNUSED_VARIABLE = YES;
				LOCALIZATION_PREFERS_STRING_CATALOGS = YES;
				MTL_ENABLE_DEBUG_INFO = NO;
				MTL_FAST_MATH = YES;
				SWIFT_COMPILATION_MODE = wholemodule;
			};
			name = Release;
		};
		8E33DF912B4750FC00F6C44B /* Debug */ = {
			isa = XCBuildConfiguration;
			buildSettings = {
				ASSETCATALOG_COMPILER_APPICON_NAME = AppIcon;
				ASSETCATALOG_COMPILER_GLOBAL_ACCENT_COLOR_NAME = AccentColor;
				CODE_SIGN_ENTITLEMENTS = learnreformed/learnreformed.entitlements;
				CODE_SIGN_STYLE = Automatic;
				CURRENT_PROJECT_VERSION = 1;
				DEVELOPMENT_ASSET_PATHS = "\"learnreformed/Preview Content\"";
				DEVELOPMENT_TEAM = FX57JRATNK;
				ENABLE_HARDENED_RUNTIME = YES;
				ENABLE_PREVIEWS = YES;
				GENERATE_INFOPLIST_FILE = YES;
				INFOPLIST_KEY_LSApplicationCategoryType = "public.app-category.reference";
				"INFOPLIST_KEY_UIApplicationSceneManifest_Generation[sdk=iphoneos*]" = YES;
				"INFOPLIST_KEY_UIApplicationSceneManifest_Generation[sdk=iphonesimulator*]" = YES;
				"INFOPLIST_KEY_UIApplicationSupportsIndirectInputEvents[sdk=iphoneos*]" = YES;
				"INFOPLIST_KEY_UIApplicationSupportsIndirectInputEvents[sdk=iphonesimulator*]" = YES;
				"INFOPLIST_KEY_UILaunchScreen_Generation[sdk=iphoneos*]" = YES;
				"INFOPLIST_KEY_UILaunchScreen_Generation[sdk=iphonesimulator*]" = YES;
				"INFOPLIST_KEY_UIStatusBarStyle[sdk=iphoneos*]" = UIStatusBarStyleDefault;
				"INFOPLIST_KEY_UIStatusBarStyle[sdk=iphonesimulator*]" = UIStatusBarStyleDefault;
				INFOPLIST_KEY_UISupportedInterfaceOrientations_iPad = "UIInterfaceOrientationPortrait UIInterfaceOrientationPortraitUpsideDown UIInterfaceOrientationLandscapeLeft UIInterfaceOrientationLandscapeRight";
				INFOPLIST_KEY_UISupportedInterfaceOrientations_iPhone = "UIInterfaceOrientationPortrait UIInterfaceOrientationLandscapeLeft UIInterfaceOrientationLandscapeRight";
				IPHONEOS_DEPLOYMENT_TARGET = 14.0;
				LD_RUNPATH_SEARCH_PATHS = "@executable_path/Frameworks";
				"LD_RUNPATH_SEARCH_PATHS[sdk=macosx*]" = "@executable_path/../Frameworks";
				MACOSX_DEPLOYMENT_TARGET = 13.6;
				MARKETING_VERSION = 2.07;
				PRODUCT_BUNDLE_IDENTIFIER = com.learnreformed;
				PRODUCT_NAME = "$(TARGET_NAME)";
				SDKROOT = auto;
				SUPPORTED_PLATFORMS = "iphoneos iphonesimulator macosx";
				SWIFT_EMIT_LOC_STRINGS = YES;
				SWIFT_VERSION = 5.0;
				TARGETED_DEVICE_FAMILY = "1,2";
			};
			name = Debug;
		};
		8E33DF922B4750FC00F6C44B /* Release */ = {
			isa = XCBuildConfiguration;
			buildSettings = {
				ASSETCATALOG_COMPILER_APPICON_NAME = AppIcon;
				ASSETCATALOG_COMPILER_GLOBAL_ACCENT_COLOR_NAME = AccentColor;
				CODE_SIGN_ENTITLEMENTS = learnreformed/learnreformed.entitlements;
				CODE_SIGN_STYLE = Automatic;
				CURRENT_PROJECT_VERSION = 1;
				DEVELOPMENT_ASSET_PATHS = "\"learnreformed/Preview Content\"";
				DEVELOPMENT_TEAM = FX57JRATNK;
				ENABLE_HARDENED_RUNTIME = YES;
				ENABLE_PREVIEWS = YES;
				GENERATE_INFOPLIST_FILE = YES;
				INFOPLIST_KEY_LSApplicationCategoryType = "public.app-category.reference";
				"INFOPLIST_KEY_UIApplicationSceneManifest_Generation[sdk=iphoneos*]" = YES;
				"INFOPLIST_KEY_UIApplicationSceneManifest_Generation[sdk=iphonesimulator*]" = YES;
				"INFOPLIST_KEY_UIApplicationSupportsIndirectInputEvents[sdk=iphoneos*]" = YES;
				"INFOPLIST_KEY_UIApplicationSupportsIndirectInputEvents[sdk=iphonesimulator*]" = YES;
				"INFOPLIST_KEY_UILaunchScreen_Generation[sdk=iphoneos*]" = YES;
				"INFOPLIST_KEY_UILaunchScreen_Generation[sdk=iphonesimulator*]" = YES;
				"INFOPLIST_KEY_UIStatusBarStyle[sdk=iphoneos*]" = UIStatusBarStyleDefault;
				"INFOPLIST_KEY_UIStatusBarStyle[sdk=iphonesimulator*]" = UIStatusBarStyleDefault;
				INFOPLIST_KEY_UISupportedInterfaceOrientations_iPad = "UIInterfaceOrientationPortrait UIInterfaceOrientationPortraitUpsideDown UIInterfaceOrientationLandscapeLeft UIInterfaceOrientationLandscapeRight";
				INFOPLIST_KEY_UISupportedInterfaceOrientations_iPhone = "UIInterfaceOrientationPortrait UIInterfaceOrientationLandscapeLeft UIInterfaceOrientationLandscapeRight";
				IPHONEOS_DEPLOYMENT_TARGET = 14.0;
				LD_RUNPATH_SEARCH_PATHS = "@executable_path/Frameworks";
				"LD_RUNPATH_SEARCH_PATHS[sdk=macosx*]" = "@executable_path/../Frameworks";
				MACOSX_DEPLOYMENT_TARGET = 13.6;
				MARKETING_VERSION = 2.07;
				PRODUCT_BUNDLE_IDENTIFIER = com.learnreformed;
				PRODUCT_NAME = "$(TARGET_NAME)";
				SDKROOT = auto;
				SUPPORTED_PLATFORMS = "iphoneos iphonesimulator macosx";
				SWIFT_EMIT_LOC_STRINGS = YES;
				SWIFT_VERSION = 5.0;
				TARGETED_DEVICE_FAMILY = "1,2";
			};
			name = Release;
		};
/* End XCBuildConfiguration section */

/* Begin XCConfigurationList section */
		8E33DF7C2B4750FB00F6C44B /* Build configuration list for PBXProject "learnreformed" */ = {
			isa = XCConfigurationList;
			buildConfigurations = (
				8E33DF8E2B4750FC00F6C44B /* Debug */,
				8E33DF8F2B4750FC00F6C44B /* Release */,
			);
			defaultConfigurationIsVisible = 0;
			defaultConfigurationName = Release;
		};
		8E33DF902B4750FC00F6C44B /* Build configuration list for PBXNativeTarget "learnreformed" */ = {
			isa = XCConfigurationList;
			buildConfigurations = (
				8E33DF912B4750FC00F6C44B /* Debug */,
				8E33DF922B4750FC00F6C44B /* Release */,
			);
			defaultConfigurationIsVisible = 0;
			defaultConfigurationName = Release;
		};
/* End XCConfigurationList section */
	};
	rootObject = 8E33DF792B4750FB00F6C44B /* Project object */;
}
